// !$*UTF8*$!
{
	archiveVersion = 1;
	classes = {
	};
	objectVersion = 50;
	objects = {

/* Begin PBXBuildFile section */
		84CF05BD220B9E6F00024360 /* main.cpp in Sources */ = {isa = PBXBuildFile; fileRef = 84CF05BC220B9E6F00024360 /* main.cpp */; };
		84CF05C8220B9F0200024360 /* mainwindow.cpp in Sources */ = {isa = PBXBuildFile; fileRef = 84CF05C4220B9F0100024360 /* mainwindow.cpp */; };
/* End PBXBuildFile section */

/* Begin PBXCopyFilesBuildPhase section */
		84CF05B7220B9E6F00024360 /* CopyFiles */ = {
			isa = PBXCopyFilesBuildPhase;
			buildActionMask = 2147483647;
			dstPath = /usr/share/man/man1/;
			dstSubfolderSpec = 0;
			files = (
			);
			runOnlyForDeploymentPostprocessing = 1;
		};
/* End PBXCopyFilesBuildPhase section */

/* Begin PBXFileReference section */
		843AB8E02215B2FB00778FA5 /* Glossary+Algorithms.hpp */ = {isa = PBXFileReference; lastKnownFileType = sourcecode.cpp.h; path = "Glossary+Algorithms.hpp"; sourceTree = "<group>"; };
		843AB8E32215B35E00778FA5 /* Mat+Vec3d.hpp */ = {isa = PBXFileReference; lastKnownFileType = sourcecode.cpp.h; path = "Mat+Vec3d.hpp"; sourceTree = "<group>"; };
		84BD62EC220BA46C00C03768 /* README.md */ = {isa = PBXFileReference; lastKnownFileType = net.daringfireball.markdown; path = README.md; sourceTree = "<group>"; };
		84CF05B9220B9E6F00024360 /* JPEG-Image-Compression */ = {isa = PBXFileReference; explicitFileType = "compiled.mach-o.executable"; includeInIndex = 0; path = "JPEG-Image-Compression"; sourceTree = BUILT_PRODUCTS_DIR; };
		84CF05BC220B9E6F00024360 /* main.cpp */ = {isa = PBXFileReference; lastKnownFileType = sourcecode.cpp.cpp; path = main.cpp; sourceTree = "<group>"; };
		84CF05C3220B9F0000024360 /* CMPT365PA2.pro */ = {isa = PBXFileReference; fileEncoding = 4; lastKnownFileType = text; path = CMPT365PA2.pro; sourceTree = "<group>"; };
		84CF05C4220B9F0100024360 /* mainwindow.cpp */ = {isa = PBXFileReference; fileEncoding = 4; lastKnownFileType = sourcecode.cpp.cpp; path = mainwindow.cpp; sourceTree = "<group>"; xcLanguageSpecificationIdentifier = xcode.lang.cpp; };
		84CF05C5220B9F0100024360 /* CMPT365PA2.pro.user */ = {isa = PBXFileReference; fileEncoding = 4; lastKnownFileType = text.xml; path = CMPT365PA2.pro.user; sourceTree = "<group>"; };
		84CF05C6220B9F0100024360 /* mainwindow.ui */ = {isa = PBXFileReference; fileEncoding = 4; lastKnownFileType = text.xml; path = mainwindow.ui; sourceTree = "<group>"; };
		84CF05C7220B9F0200024360 /* mainwindow.h */ = {isa = PBXFileReference; fileEncoding = 4; lastKnownFileType = sourcecode.c.h; path = mainwindow.h; sourceTree = "<group>"; };
/* End PBXFileReference section */

/* Begin PBXFrameworksBuildPhase section */
		84CF05B6220B9E6F00024360 /* Frameworks */ = {
			isa = PBXFrameworksBuildPhase;
			buildActionMask = 2147483647;
			files = (
			);
			runOnlyForDeploymentPostprocessing = 0;
		};
/* End PBXFrameworksBuildPhase section */

/* Begin PBXGroup section */
		84CF05B0220B9E6F00024360 = {
			isa = PBXGroup;
			children = (
				84CF05BB220B9E6F00024360 /* JPEG-Image-Compression */,
				84CF05BA220B9E6F00024360 /* Products */,
			);
			sourceTree = "<group>";
		};
		84CF05BA220B9E6F00024360 /* Products */ = {
			isa = PBXGroup;
			children = (
				84CF05B9220B9E6F00024360 /* JPEG-Image-Compression */,
			);
			name = Products;
			sourceTree = "<group>";
		};
		84CF05BB220B9E6F00024360 /* JPEG-Image-Compression */ = {
			isa = PBXGroup;
			children = (
				84CF05C3220B9F0000024360 /* CMPT365PA2.pro */,
				84CF05C5220B9F0100024360 /* CMPT365PA2.pro.user */,
				84CF05C4220B9F0100024360 /* mainwindow.cpp */,
				843AB8E02215B2FB00778FA5 /* Glossary+Algorithms.hpp */,
				843AB8E32215B35E00778FA5 /* Mat+Vec3d.hpp */,
				84CF05C7220B9F0200024360 /* mainwindow.h */,
				84CF05C6220B9F0100024360 /* mainwindow.ui */,
				84CF05BC220B9E6F00024360 /* main.cpp */,
				84BD62EC220BA46C00C03768 /* README.md */,
			);
			path = "JPEG-Image-Compression";
			sourceTree = "<group>";
		};
/* End PBXGroup section */

/* Begin PBXNativeTarget section */
		84CF05B8220B9E6F00024360 /* JPEG-Image-Compression */ = {
			isa = PBXNativeTarget;
			buildConfigurationList = 84CF05C0220B9E6F00024360 /* Build configuration list for PBXNativeTarget "JPEG-Image-Compression" */;
			buildPhases = (
				84CF05B5220B9E6F00024360 /* Sources */,
				84CF05B6220B9E6F00024360 /* Frameworks */,
				84CF05B7220B9E6F00024360 /* CopyFiles */,
			);
			buildRules = (
			);
			dependencies = (
			);
			name = "JPEG-Image-Compression";
			productName = "JPEG-Image-Compression";
			productReference = 84CF05B9220B9E6F00024360 /* JPEG-Image-Compression */;
			productType = "com.apple.product-type.tool";
		};
/* End PBXNativeTarget section */

/* Begin PBXProject section */
		84CF05B1220B9E6F00024360 /* Project object */ = {
			isa = PBXProject;
			attributes = {
				LastUpgradeCheck = 1000;
				ORGANIZATIONNAME = maximpuchkov;
				TargetAttributes = {
					84CF05B8220B9E6F00024360 = {
						CreatedOnToolsVersion = 10.0;
					};
				};
			};
			buildConfigurationList = 84CF05B4220B9E6F00024360 /* Build configuration list for PBXProject "JPEG-Image-Compression" */;
			compatibilityVersion = "Xcode 9.3";
			developmentRegion = en;
			hasScannedForEncodings = 0;
			knownRegions = (
				en,
			);
			mainGroup = 84CF05B0220B9E6F00024360;
			productRefGroup = 84CF05BA220B9E6F00024360 /* Products */;
			projectDirPath = "";
			projectRoot = "";
			targets = (
				84CF05B8220B9E6F00024360 /* JPEG-Image-Compression */,
			);
		};
/* End PBXProject section */

/* Begin PBXSourcesBuildPhase section */
		84CF05B5220B9E6F00024360 /* Sources */ = {
			isa = PBXSourcesBuildPhase;
			buildActionMask = 2147483647;
			files = (
				84CF05C8220B9F0200024360 /* mainwindow.cpp in Sources */,
				84CF05BD220B9E6F00024360 /* main.cpp in Sources */,
			);
			runOnlyForDeploymentPostprocessing = 0;
		};
/* End PBXSourcesBuildPhase section */

/* Begin XCBuildConfiguration section */
		84CF05BE220B9E6F00024360 /* Debug */ = {
			isa = XCBuildConfiguration;
			buildSettings = {
				ALWAYS_SEARCH_USER_PATHS = NO;
				CLANG_ANALYZER_NONNULL = YES;
				CLANG_ANALYZER_NUMBER_OBJECT_CONVERSION = YES_AGGRESSIVE;
				CLANG_CXX_LANGUAGE_STANDARD = "gnu++14";
				CLANG_CXX_LIBRARY = "libc++";
				CLANG_ENABLE_MODULES = YES;
				CLANG_ENABLE_OBJC_ARC = YES;
				CLANG_ENABLE_OBJC_WEAK = YES;
				CLANG_WARN_BLOCK_CAPTURE_AUTORELEASING = YES;
				CLANG_WARN_BOOL_CONVERSION = YES;
				CLANG_WARN_COMMA = YES;
				CLANG_WARN_CONSTANT_CONVERSION = YES;
				CLANG_WARN_DEPRECATED_OBJC_IMPLEMENTATIONS = YES;
				CLANG_WARN_DIRECT_OBJC_ISA_USAGE = YES_ERROR;
				CLANG_WARN_DOCUMENTATION_COMMENTS = YES;
				CLANG_WARN_EMPTY_BODY = YES;
				CLANG_WARN_ENUM_CONVERSION = YES;
				CLANG_WARN_INFINITE_RECURSION = YES;
				CLANG_WARN_INT_CONVERSION = YES;
				CLANG_WARN_NON_LITERAL_NULL_CONVERSION = YES;
				CLANG_WARN_OBJC_IMPLICIT_RETAIN_SELF = YES;
				CLANG_WARN_OBJC_LITERAL_CONVERSION = YES;
				CLANG_WARN_OBJC_ROOT_CLASS = YES_ERROR;
				CLANG_WARN_RANGE_LOOP_ANALYSIS = YES;
				CLANG_WARN_STRICT_PROTOTYPES = YES;
				CLANG_WARN_SUSPICIOUS_MOVE = YES;
				CLANG_WARN_UNGUARDED_AVAILABILITY = YES_AGGRESSIVE;
				CLANG_WARN_UNREACHABLE_CODE = YES;
				CLANG_WARN__DUPLICATE_METHOD_MATCH = YES;
				CODE_SIGN_IDENTITY = "Mac Developer";
				COPY_PHASE_STRIP = NO;
				DEBUG_INFORMATION_FORMAT = dwarf;
				ENABLE_STRICT_OBJC_MSGSEND = YES;
				ENABLE_TESTABILITY = YES;
				GCC_C_LANGUAGE_STANDARD = gnu11;
				GCC_DYNAMIC_NO_PIC = NO;
				GCC_NO_COMMON_BLOCKS = YES;
				GCC_OPTIMIZATION_LEVEL = 0;
				GCC_PREPROCESSOR_DEFINITIONS = (
					"DEBUG=1",
					"$(inherited)",
				);
				GCC_WARN_64_TO_32_BIT_CONVERSION = YES;
				GCC_WARN_ABOUT_RETURN_TYPE = YES_ERROR;
				GCC_WARN_UNDECLARED_SELECTOR = YES;
				GCC_WARN_UNINITIALIZED_AUTOS = YES_AGGRESSIVE;
				GCC_WARN_UNUSED_FUNCTION = YES;
				GCC_WARN_UNUSED_VARIABLE = YES;
				MACOSX_DEPLOYMENT_TARGET = 10.13;
				MTL_ENABLE_DEBUG_INFO = INCLUDE_SOURCE;
				MTL_FAST_MATH = YES;
				ONLY_ACTIVE_ARCH = YES;
				SDKROOT = macosx;
			};
			name = Debug;
		};
		84CF05BF220B9E6F00024360 /* Release */ = {
			isa = XCBuildConfiguration;
			buildSettings = {
				ALWAYS_SEARCH_USER_PATHS = NO;
				CLANG_ANALYZER_NONNULL = YES;
				CLANG_ANALYZER_NUMBER_OBJECT_CONVERSION = YES_AGGRESSIVE;
				CLANG_CXX_LANGUAGE_STANDARD = "gnu++14";
				CLANG_CXX_LIBRARY = "libc++";
				CLANG_ENABLE_MODULES = YES;
				CLANG_ENABLE_OBJC_ARC = YES;
				CLANG_ENABLE_OBJC_WEAK = YES;
				CLANG_WARN_BLOCK_CAPTURE_AUTORELEASING = YES;
				CLANG_WARN_BOOL_CONVERSION = YES;
				CLANG_WARN_COMMA = YES;
				CLANG_WARN_CONSTANT_CONVERSION = YES;
				CLANG_WARN_DEPRECATED_OBJC_IMPLEMENTATIONS = YES;
				CLANG_WARN_DIRECT_OBJC_ISA_USAGE = YES_ERROR;
				CLANG_WARN_DOCUMENTATION_COMMENTS = YES;
				CLANG_WARN_EMPTY_BODY = YES;
				CLANG_WARN_ENUM_CONVERSION = YES;
				CLANG_WARN_INFINITE_RECURSION = YES;
				CLANG_WARN_INT_CONVERSION = YES;
				CLANG_WARN_NON_LITERAL_NULL_CONVERSION = YES;
				CLANG_WARN_OBJC_IMPLICIT_RETAIN_SELF = YES;
				CLANG_WARN_OBJC_LITERAL_CONVERSION = YES;
				CLANG_WARN_OBJC_ROOT_CLASS = YES_ERROR;
				CLANG_WARN_RANGE_LOOP_ANALYSIS = YES;
				CLANG_WARN_STRICT_PROTOTYPES = YES;
				CLANG_WARN_SUSPICIOUS_MOVE = YES;
				CLANG_WARN_UNGUARDED_AVAILABILITY = YES_AGGRESSIVE;
				CLANG_WARN_UNREACHABLE_CODE = YES;
				CLANG_WARN__DUPLICATE_METHOD_MATCH = YES;
				CODE_SIGN_IDENTITY = "Mac Developer";
				COPY_PHASE_STRIP = NO;
				DEBUG_INFORMATION_FORMAT = "dwarf-with-dsym";
				ENABLE_NS_ASSERTIONS = NO;
				ENABLE_STRICT_OBJC_MSGSEND = YES;
				GCC_C_LANGUAGE_STANDARD = gnu11;
				GCC_NO_COMMON_BLOCKS = YES;
				GCC_WARN_64_TO_32_BIT_CONVERSION = YES;
				GCC_WARN_ABOUT_RETURN_TYPE = YES_ERROR;
				GCC_WARN_UNDECLARED_SELECTOR = YES;
				GCC_WARN_UNINITIALIZED_AUTOS = YES_AGGRESSIVE;
				GCC_WARN_UNUSED_FUNCTION = YES;
				GCC_WARN_UNUSED_VARIABLE = YES;
				MACOSX_DEPLOYMENT_TARGET = 10.13;
				MTL_ENABLE_DEBUG_INFO = NO;
				MTL_FAST_MATH = YES;
				SDKROOT = macosx;
			};
			name = Release;
		};
		84CF05C1220B9E6F00024360 /* Debug */ = {
			isa = XCBuildConfiguration;
			buildSettings = {
				CODE_SIGN_STYLE = Automatic;
				DEVELOPMENT_TEAM = U55Q33J358;
				PRODUCT_NAME = "$(TARGET_NAME)";
			};
			name = Debug;
		};
		84CF05C2220B9E6F00024360 /* Release */ = {
			isa = XCBuildConfiguration;
			buildSettings = {
				CODE_SIGN_STYLE = Automatic;
				DEVELOPMENT_TEAM = U55Q33J358;
				PRODUCT_NAME = "$(TARGET_NAME)";
			};
			name = Release;
		};
/* End XCBuildConfiguration section */

/* Begin XCConfigurationList section */
		84CF05B4220B9E6F00024360 /* Build configuration list for PBXProject "JPEG-Image-Compression" */ = {
			isa = XCConfigurationList;
			buildConfigurations = (
				84CF05BE220B9E6F00024360 /* Debug */,
				84CF05BF220B9E6F00024360 /* Release */,
			);
			defaultConfigurationIsVisible = 0;
			defaultConfigurationName = Release;
		};
		84CF05C0220B9E6F00024360 /* Build configuration list for PBXNativeTarget "JPEG-Image-Compression" */ = {
			isa = XCConfigurationList;
			buildConfigurations = (
				84CF05C1220B9E6F00024360 /* Debug */,
				84CF05C2220B9E6F00024360 /* Release */,
			);
			defaultConfigurationIsVisible = 0;
			defaultConfigurationName = Release;
		};
/* End XCConfigurationList section */
	};
	rootObject = 84CF05B1220B9E6F00024360 /* Project object */;
}
